
Microsoft Visual Studio Solution File, Format Version 12.00
Project("{FAE04EC0-301F-11D3-BF4B-00C04F79EFBC}") = "SonicEddy", "SonicEddy\SonicEddy.csproj", "{BB51A70F-5094-49A7-976B-B22AF6B517BC}"
EndProject
Project("{FAE04EC0-301F-11D3-BF4B-00C04F79EFBC}") = "SonicEddy.Contracts", "SonicEddy.Contracts\SonicEddy.Contracts.csproj", "{6895ADB2-2068-48F2-BD3C-DB158874E62A}"
EndProject
Project("{FAE04EC0-301F-11D3-BF4B-00C04F79EFBC}") = "SonicEddy.Tests", "SonicEddy.Tests\SonicEddy.Tests.csproj", "{DE4C2FCF-0E3E-493F-8BF9-7BCE0F2D97BF}"
EndProject
Project("{FAE04EC0-301F-11D3-BF4B-00C04F79EFBC}") = "Fr.Pw.Midi", "Fr.Pw.Midi\Fr.Pw.Midi.csproj", "{1663D080-E3ED-452B-9FAE-CD8563ADDD01}"
EndProject
Project("{FAE04EC0-301F-11D3-BF4B-00C04F79EFBC}") = "Fr.Pw.Midi.Console", "Fr.Pw.Midi.Console\Fr.Pw.Midi.Console.csproj", "{240E934B-D306-4CAF-A603-A4F05C663155}"
EndProject
Project("{FAE04EC0-301F-11D3-BF4B-00C04F79EFBC}") = "Fr.Lv2", "Fr.Lv2\Fr.Lv2.csproj", "{99FE8013-B457-4414-A64D-60AA94D3466D}"
EndProject
Project("{FAE04EC0-301F-11D3-BF4B-00C04F79EFBC}") = "Fr.Lv2.Console", "Fr.Lv2.Console\Fr.Lv2.Console.csproj", "{311E11B8-B80D-41C9-8491-95907220D356}"
EndProject
Project("{FAE04EC0-301F-11D3-BF4B-00C04F79EFBC}") = "Fr.Pw.Monitoring", "Fr.Pw.Monitoring\Fr.Pw.Monitoring.csproj", "{D654CCAF-0E1F-4162-8247-B4720510F7B9}"
EndProject
Project("{FAE04EC0-301F-11D3-BF4B-00C04F79EFBC}") = "Fr.Pw.Monitoring.Console", "Fr.Pw.Monitoring.Console\Fr.Pw.Monitoring.Console.csproj", "{6637EF7B-3DEC-49B0-8F88-C53B93F059E1}"
EndProject
Project("{FAE04EC0-301F-11D3-BF4B-00C04F79EFBC}") = "Fr.Wireplumber", "Fr.Wireplumber\Fr.Wireplumber.csproj", "{B2227F74-59B5-4B64-9B01-558ED06E4BBA}"
EndProject
Project("{FAE04EC0-301F-11D3-BF4B-00C04F79EFBC}") = "Fr.Wireplumber.Console", "Fr.Wireplumber.Console\Fr.Wireplumber.Console.csproj", "{DB93C897-85D8-4E76-9446-9A73450275E8}"
EndProject
Project("{FAE04EC0-301F-11D3-BF4B-00C04F79EFBC}") = "Fr.Wireplumber.Tests", "Fr.Wireplumber.Tests\Fr.Wireplumber.Tests.csproj", "{4963BB66-AFBE-4BBA-8AD4-51FFB3745A72}"
EndProject
Project("{FAE04EC0-301F-11D3-BF4B-00C04F79EFBC}") = "Fr.Sonic", "Fr.Sonic\Fr.Sonic.csproj", "{7407A680-5982-450C-B07F-92208FD94002}"
EndProject
Project("{FAE04EC0-301F-11D3-BF4B-00C04F79EFBC}") = "Fr.Sonic.Console", "Fr.Sonic.Console\Fr.Sonic.Console.csproj", "{B59AB4EF-BE58-4109-800A-629E79B5786A}"
EndProject
Global
	GlobalSection(SolutionConfigurationPlatforms) = preSolution
		Debug|Any CPU = Debug|Any CPU
		Debug|x64 = Debug|x64
		Debug|x86 = Debug|x86
		Release|Any CPU = Release|Any CPU
		Release|x64 = Release|x64
		Release|x86 = Release|x86
	EndGlobalSection
	GlobalSection(ProjectConfigurationPlatforms) = postSolution
		{BB51A70F-5094-49A7-976B-B22AF6B517BC}.Debug|Any CPU.ActiveCfg = Debug|Any CPU
		{BB51A70F-5094-49A7-976B-B22AF6B517BC}.Debug|Any CPU.Build.0 = Debug|Any CPU
		{BB51A70F-5094-49A7-976B-B22AF6B517BC}.Debug|x64.ActiveCfg = Debug|Any CPU
		{BB51A70F-5094-49A7-976B-B22AF6B517BC}.Debug|x64.Build.0 = Debug|Any CPU
		{BB51A70F-5094-49A7-976B-B22AF6B517BC}.Debug|x86.ActiveCfg = Debug|Any CPU
		{BB51A70F-5094-49A7-976B-B22AF6B517BC}.Debug|x86.Build.0 = Debug|Any CPU
		{BB51A70F-5094-49A7-976B-B22AF6B517BC}.Release|Any CPU.ActiveCfg = Release|Any CPU
		{BB51A70F-5094-49A7-976B-B22AF6B517BC}.Release|Any CPU.Build.0 = Release|Any CPU
		{BB51A70F-5094-49A7-976B-B22AF6B517BC}.Release|x64.ActiveCfg = Release|Any CPU
		{BB51A70F-5094-49A7-976B-B22AF6B517BC}.Release|x64.Build.0 = Release|Any CPU
		{BB51A70F-5094-49A7-976B-B22AF6B517BC}.Release|x86.ActiveCfg = Release|Any CPU
		{BB51A70F-5094-49A7-976B-B22AF6B517BC}.Release|x86.Build.0 = Release|Any CPU
		{6895ADB2-2068-48F2-BD3C-DB158874E62A}.Debug|Any CPU.ActiveCfg = Debug|Any CPU
		{6895ADB2-2068-48F2-BD3C-DB158874E62A}.Debug|Any CPU.Build.0 = Debug|Any CPU
		{6895ADB2-2068-48F2-BD3C-DB158874E62A}.Debug|x64.ActiveCfg = Debug|Any CPU
		{6895ADB2-2068-48F2-BD3C-DB158874E62A}.Debug|x64.Build.0 = Debug|Any CPU
		{6895ADB2-2068-48F2-BD3C-DB158874E62A}.Debug|x86.ActiveCfg = Debug|Any CPU
		{6895ADB2-2068-48F2-BD3C-DB158874E62A}.Debug|x86.Build.0 = Debug|Any CPU
		{6895ADB2-2068-48F2-BD3C-DB158874E62A}.Release|Any CPU.ActiveCfg = Release|Any CPU
		{6895ADB2-2068-48F2-BD3C-DB158874E62A}.Release|Any CPU.Build.0 = Release|Any CPU
		{6895ADB2-2068-48F2-BD3C-DB158874E62A}.Release|x64.ActiveCfg = Release|Any CPU
		{6895ADB2-2068-48F2-BD3C-DB158874E62A}.Release|x64.Build.0 = Release|Any CPU
		{6895ADB2-2068-48F2-BD3C-DB158874E62A}.Release|x86.ActiveCfg = Release|Any CPU
		{6895ADB2-2068-48F2-BD3C-DB158874E62A}.Release|x86.Build.0 = Release|Any CPU
		{DE4C2FCF-0E3E-493F-8BF9-7BCE0F2D97BF}.Debug|Any CPU.ActiveCfg = Debug|Any CPU
		{DE4C2FCF-0E3E-493F-8BF9-7BCE0F2D97BF}.Debug|Any CPU.Build.0 = Debug|Any CPU
		{DE4C2FCF-0E3E-493F-8BF9-7BCE0F2D97BF}.Debug|x64.ActiveCfg = Debug|Any CPU
		{DE4C2FCF-0E3E-493F-8BF9-7BCE0F2D97BF}.Debug|x64.Build.0 = Debug|Any CPU
		{DE4C2FCF-0E3E-493F-8BF9-7BCE0F2D97BF}.Debug|x86.ActiveCfg = Debug|Any CPU
		{DE4C2FCF-0E3E-493F-8BF9-7BCE0F2D97BF}.Debug|x86.Build.0 = Debug|Any CPU
		{DE4C2FCF-0E3E-493F-8BF9-7BCE0F2D97BF}.Release|Any CPU.ActiveCfg = Release|Any CPU
		{DE4C2FCF-0E3E-493F-8BF9-7BCE0F2D97BF}.Release|Any CPU.Build.0 = Release|Any CPU
		{DE4C2FCF-0E3E-493F-8BF9-7BCE0F2D97BF}.Release|x64.ActiveCfg = Release|Any CPU
		{DE4C2FCF-0E3E-493F-8BF9-7BCE0F2D97BF}.Release|x64.Build.0 = Release|Any CPU
		{DE4C2FCF-0E3E-493F-8BF9-7BCE0F2D97BF}.Release|x86.ActiveCfg = Release|Any CPU
		{DE4C2FCF-0E3E-493F-8BF9-7BCE0F2D97BF}.Release|x86.Build.0 = Release|Any CPU
		{1663D080-E3ED-452B-9FAE-CD8563ADDD01}.Debug|Any CPU.ActiveCfg = Debug|Any CPU
		{1663D080-E3ED-452B-9FAE-CD8563ADDD01}.Debug|Any CPU.Build.0 = Debug|Any CPU
		{1663D080-E3ED-452B-9FAE-CD8563ADDD01}.Debug|x64.ActiveCfg = Debug|Any CPU
		{1663D080-E3ED-452B-9FAE-CD8563ADDD01}.Debug|x64.Build.0 = Debug|Any CPU
		{1663D080-E3ED-452B-9FAE-CD8563ADDD01}.Debug|x86.ActiveCfg = Debug|Any CPU
		{1663D080-E3ED-452B-9FAE-CD8563ADDD01}.Debug|x86.Build.0 = Debug|Any CPU
		{1663D080-E3ED-452B-9FAE-CD8563ADDD01}.Release|Any CPU.ActiveCfg = Release|Any CPU
		{1663D080-E3ED-452B-9FAE-CD8563ADDD01}.Release|Any CPU.Build.0 = Release|Any CPU
		{1663D080-E3ED-452B-9FAE-CD8563ADDD01}.Release|x64.ActiveCfg = Release|Any CPU
		{1663D080-E3ED-452B-9FAE-CD8563ADDD01}.Release|x64.Build.0 = Release|Any CPU
		{1663D080-E3ED-452B-9FAE-CD8563ADDD01}.Release|x86.ActiveCfg = Release|Any CPU
		{1663D080-E3ED-452B-9FAE-CD8563ADDD01}.Release|x86.Build.0 = Release|Any CPU
		{240E934B-D306-4CAF-A603-A4F05C663155}.Debug|Any CPU.ActiveCfg = Debug|Any CPU
		{240E934B-D306-4CAF-A603-A4F05C663155}.Debug|Any CPU.Build.0 = Debug|Any CPU
		{240E934B-D306-4CAF-A603-A4F05C663155}.Debug|x64.ActiveCfg = Debug|Any CPU
		{240E934B-D306-4CAF-A603-A4F05C663155}.Debug|x64.Build.0 = Debug|Any CPU
		{240E934B-D306-4CAF-A603-A4F05C663155}.Debug|x86.ActiveCfg = Debug|Any CPU
		{240E934B-D306-4CAF-A603-A4F05C663155}.Debug|x86.Build.0 = Debug|Any CPU
		{240E934B-D306-4CAF-A603-A4F05C663155}.Release|Any CPU.ActiveCfg = Release|Any CPU
		{240E934B-D306-4CAF-A603-A4F05C663155}.Release|Any CPU.Build.0 = Release|Any CPU
		{240E934B-D306-4CAF-A603-A4F05C663155}.Release|x64.ActiveCfg = Release|Any CPU
		{240E934B-D306-4CAF-A603-A4F05C663155}.Release|x64.Build.0 = Release|Any CPU
		{240E934B-D306-4CAF-A603-A4F05C663155}.Release|x86.ActiveCfg = Release|Any CPU
		{240E934B-D306-4CAF-A603-A4F05C663155}.Release|x86.Build.0 = Release|Any CPU
		{99FE8013-B457-4414-A64D-60AA94D3466D}.Debug|Any CPU.ActiveCfg = Debug|Any CPU
		{99FE8013-B457-4414-A64D-60AA94D3466D}.Debug|Any CPU.Build.0 = Debug|Any CPU
		{99FE8013-B457-4414-A64D-60AA94D3466D}.Debug|x64.ActiveCfg = Debug|Any CPU
		{99FE8013-B457-4414-A64D-60AA94D3466D}.Debug|x64.Build.0 = Debug|Any CPU
		{99FE8013-B457-4414-A64D-60AA94D3466D}.Debug|x86.ActiveCfg = Debug|Any CPU
		{99FE8013-B457-4414-A64D-60AA94D3466D}.Debug|x86.Build.0 = Debug|Any CPU
		{99FE8013-B457-4414-A64D-60AA94D3466D}.Release|Any CPU.ActiveCfg = Release|Any CPU
		{99FE8013-B457-4414-A64D-60AA94D3466D}.Release|Any CPU.Build.0 = Release|Any CPU
		{99FE8013-B457-4414-A64D-60AA94D3466D}.Release|x64.ActiveCfg = Release|Any CPU
		{99FE8013-B457-4414-A64D-60AA94D3466D}.Release|x64.Build.0 = Release|Any CPU
		{99FE8013-B457-4414-A64D-60AA94D3466D}.Release|x86.ActiveCfg = Release|Any CPU
		{99FE8013-B457-4414-A64D-60AA94D3466D}.Release|x86.Build.0 = Release|Any CPU
		{311E11B8-B80D-41C9-8491-95907220D356}.Debug|Any CPU.ActiveCfg = Debug|Any CPU
		{311E11B8-B80D-41C9-8491-95907220D356}.Debug|Any CPU.Build.0 = Debug|Any CPU
		{311E11B8-B80D-41C9-8491-95907220D356}.Debug|x64.ActiveCfg = Debug|Any CPU
		{311E11B8-B80D-41C9-8491-95907220D356}.Debug|x64.Build.0 = Debug|Any CPU
		{311E11B8-B80D-41C9-8491-95907220D356}.Debug|x86.ActiveCfg = Debug|Any CPU
		{311E11B8-B80D-41C9-8491-95907220D356}.Debug|x86.Build.0 = Debug|Any CPU
		{311E11B8-B80D-41C9-8491-95907220D356}.Release|Any CPU.ActiveCfg = Release|Any CPU
		{311E11B8-B80D-41C9-8491-95907220D356}.Release|Any CPU.Build.0 = Release|Any CPU
		{311E11B8-B80D-41C9-8491-95907220D356}.Release|x64.ActiveCfg = Release|Any CPU
		{311E11B8-B80D-41C9-8491-95907220D356}.Release|x64.Build.0 = Release|Any CPU
		{311E11B8-B80D-41C9-8491-95907220D356}.Release|x86.ActiveCfg = Release|Any CPU
		{311E11B8-B80D-41C9-8491-95907220D356}.Release|x86.Build.0 = Release|Any CPU
		{D654CCAF-0E1F-4162-8247-B4720510F7B9}.Debug|Any CPU.ActiveCfg = Debug|Any CPU
		{D654CCAF-0E1F-4162-8247-B4720510F7B9}.Debug|Any CPU.Build.0 = Debug|Any CPU
		{D654CCAF-0E1F-4162-8247-B4720510F7B9}.Debug|x64.ActiveCfg = Debug|Any CPU
		{D654CCAF-0E1F-4162-8247-B4720510F7B9}.Debug|x64.Build.0 = Debug|Any CPU
		{D654CCAF-0E1F-4162-8247-B4720510F7B9}.Debug|x86.ActiveCfg = Debug|Any CPU
		{D654CCAF-0E1F-4162-8247-B4720510F7B9}.Debug|x86.Build.0 = Debug|Any CPU
		{D654CCAF-0E1F-4162-8247-B4720510F7B9}.Release|Any CPU.ActiveCfg = Release|Any CPU
		{D654CCAF-0E1F-4162-8247-B4720510F7B9}.Release|Any CPU.Build.0 = Release|Any CPU
		{D654CCAF-0E1F-4162-8247-B4720510F7B9}.Release|x64.ActiveCfg = Release|Any CPU
		{D654CCAF-0E1F-4162-8247-B4720510F7B9}.Release|x64.Build.0 = Release|Any CPU
		{D654CCAF-0E1F-4162-8247-B4720510F7B9}.Release|x86.ActiveCfg = Release|Any CPU
		{D654CCAF-0E1F-4162-8247-B4720510F7B9}.Release|x86.Build.0 = Release|Any CPU
		{6637EF7B-3DEC-49B0-8F88-C53B93F059E1}.Debug|Any CPU.ActiveCfg = Debug|Any CPU
		{6637EF7B-3DEC-49B0-8F88-C53B93F059E1}.Debug|Any CPU.Build.0 = Debug|Any CPU
		{6637EF7B-3DEC-49B0-8F88-C53B93F059E1}.Debug|x64.ActiveCfg = Debug|Any CPU
		{6637EF7B-3DEC-49B0-8F88-C53B93F059E1}.Debug|x64.Build.0 = Debug|Any CPU
		{6637EF7B-3DEC-49B0-8F88-C53B93F059E1}.Debug|x86.ActiveCfg = Debug|Any CPU
		{6637EF7B-3DEC-49B0-8F88-C53B93F059E1}.Debug|x86.Build.0 = Debug|Any CPU
		{6637EF7B-3DEC-49B0-8F88-C53B93F059E1}.Release|Any CPU.ActiveCfg = Release|Any CPU
		{6637EF7B-3DEC-49B0-8F88-C53B93F059E1}.Release|Any CPU.Build.0 = Release|Any CPU
		{6637EF7B-3DEC-49B0-8F88-C53B93F059E1}.Release|x64.ActiveCfg = Release|Any CPU
		{6637EF7B-3DEC-49B0-8F88-C53B93F059E1}.Release|x64.Build.0 = Release|Any CPU
		{6637EF7B-3DEC-49B0-8F88-C53B93F059E1}.Release|x86.ActiveCfg = Release|Any CPU
		{6637EF7B-3DEC-49B0-8F88-C53B93F059E1}.Release|x86.Build.0 = Release|Any CPU
		{B2227F74-59B5-4B64-9B01-558ED06E4BBA}.Debug|Any CPU.ActiveCfg = Debug|Any CPU
		{B2227F74-59B5-4B64-9B01-558ED06E4BBA}.Debug|Any CPU.Build.0 = Debug|Any CPU
		{B2227F74-59B5-4B64-9B01-558ED06E4BBA}.Debug|x64.ActiveCfg = Debug|Any CPU
		{B2227F74-59B5-4B64-9B01-558ED06E4BBA}.Debug|x64.Build.0 = Debug|Any CPU
		{B2227F74-59B5-4B64-9B01-558ED06E4BBA}.Debug|x86.ActiveCfg = Debug|Any CPU
		{B2227F74-59B5-4B64-9B01-558ED06E4BBA}.Debug|x86.Build.0 = Debug|Any CPU
		{B2227F74-59B5-4B64-9B01-558ED06E4BBA}.Release|Any CPU.ActiveCfg = Release|Any CPU
		{B2227F74-59B5-4B64-9B01-558ED06E4BBA}.Release|Any CPU.Build.0 = Release|Any CPU
		{B2227F74-59B5-4B64-9B01-558ED06E4BBA}.Release|x64.ActiveCfg = Release|Any CPU
		{B2227F74-59B5-4B64-9B01-558ED06E4BBA}.Release|x64.Build.0 = Release|Any CPU
		{B2227F74-59B5-4B64-9B01-558ED06E4BBA}.Release|x86.ActiveCfg = Release|Any CPU
		{B2227F74-59B5-4B64-9B01-558ED06E4BBA}.Release|x86.Build.0 = Release|Any CPU
		{DB93C897-85D8-4E76-9446-9A73450275E8}.Debug|Any CPU.ActiveCfg = Debug|Any CPU
		{DB93C897-85D8-4E76-9446-9A73450275E8}.Debug|Any CPU.Build.0 = Debug|Any CPU
		{DB93C897-85D8-4E76-9446-9A73450275E8}.Debug|x64.ActiveCfg = Debug|Any CPU
		{DB93C897-85D8-4E76-9446-9A73450275E8}.Debug|x64.Build.0 = Debug|Any CPU
		{DB93C897-85D8-4E76-9446-9A73450275E8}.Debug|x86.ActiveCfg = Debug|Any CPU
		{DB93C897-85D8-4E76-9446-9A73450275E8}.Debug|x86.Build.0 = Debug|Any CPU
		{DB93C897-85D8-4E76-9446-9A73450275E8}.Release|Any CPU.ActiveCfg = Release|Any CPU
		{DB93C897-85D8-4E76-9446-9A73450275E8}.Release|Any CPU.Build.0 = Release|Any CPU
		{DB93C897-85D8-4E76-9446-9A73450275E8}.Release|x64.ActiveCfg = Release|Any CPU
		{DB93C897-85D8-4E76-9446-9A73450275E8}.Release|x64.Build.0 = Release|Any CPU
		{DB93C897-85D8-4E76-9446-9A73450275E8}.Release|x86.ActiveCfg = Release|Any CPU
		{DB93C897-85D8-4E76-9446-9A73450275E8}.Release|x86.Build.0 = Release|Any CPU
		{4963BB66-AFBE-4BBA-8AD4-51FFB3745A72}.Debug|Any CPU.ActiveCfg = Debug|Any CPU
		{4963BB66-AFBE-4BBA-8AD4-51FFB3745A72}.Debug|Any CPU.Build.0 = Debug|Any CPU
		{4963BB66-AFBE-4BBA-8AD4-51FFB3745A72}.Debug|x64.ActiveCfg = Debug|Any CPU
		{4963BB66-AFBE-4BBA-8AD4-51FFB3745A72}.Debug|x64.Build.0 = Debug|Any CPU
		{4963BB66-AFBE-4BBA-8AD4-51FFB3745A72}.Debug|x86.ActiveCfg = Debug|Any CPU
		{4963BB66-AFBE-4BBA-8AD4-51FFB3745A72}.Debug|x86.Build.0 = Debug|Any CPU
		{4963BB66-AFBE-4BBA-8AD4-51FFB3745A72}.Release|Any CPU.ActiveCfg = Release|Any CPU
		{4963BB66-AFBE-4BBA-8AD4-51FFB3745A72}.Release|Any CPU.Build.0 = Release|Any CPU
		{4963BB66-AFBE-4BBA-8AD4-51FFB3745A72}.Release|x64.ActiveCfg = Release|Any CPU
		{4963BB66-AFBE-4BBA-8AD4-51FFB3745A72}.Release|x64.Build.0 = Release|Any CPU
		{4963BB66-AFBE-4BBA-8AD4-51FFB3745A72}.Release|x86.ActiveCfg = Release|Any CPU
		{4963BB66-AFBE-4BBA-8AD4-51FFB3745A72}.Release|x86.Build.0 = Release|Any CPU
		{7407A680-5982-450C-B07F-92208FD94002}.Debug|Any CPU.ActiveCfg = Debug|Any CPU
		{7407A680-5982-450C-B07F-92208FD94002}.Debug|Any CPU.Build.0 = Debug|Any CPU
		{7407A680-5982-450C-B07F-92208FD94002}.Debug|x64.ActiveCfg = Debug|Any CPU
		{7407A680-5982-450C-B07F-92208FD94002}.Debug|x64.Build.0 = Debug|Any CPU
		{7407A680-5982-450C-B07F-92208FD94002}.Debug|x86.ActiveCfg = Debug|Any CPU
		{7407A680-5982-450C-B07F-92208FD94002}.Debug|x86.Build.0 = Debug|Any CPU
		{7407A680-5982-450C-B07F-92208FD94002}.Release|Any CPU.ActiveCfg = Release|Any CPU
		{7407A680-5982-450C-B07F-92208FD94002}.Release|Any CPU.Build.0 = Release|Any CPU
		{7407A680-5982-450C-B07F-92208FD94002}.Release|x64.ActiveCfg = Release|Any CPU
		{7407A680-5982-450C-B07F-92208FD94002}.Release|x64.Build.0 = Release|Any CPU
		{7407A680-5982-450C-B07F-92208FD94002}.Release|x86.ActiveCfg = Release|Any CPU
		{7407A680-5982-450C-B07F-92208FD94002}.Release|x86.Build.0 = Release|Any CPU
		{B59AB4EF-BE58-4109-800A-629E79B5786A}.Debug|Any CPU.ActiveCfg = Debug|Any CPU
		{B59AB4EF-BE58-4109-800A-629E79B5786A}.Debug|Any CPU.Build.0 = Debug|Any CPU
		{B59AB4EF-BE58-4109-800A-629E79B5786A}.Debug|x64.ActiveCfg = Debug|Any CPU
		{B59AB4EF-BE58-4109-800A-629E79B5786A}.Debug|x64.Build.0 = Debug|Any CPU
		{B59AB4EF-BE58-4109-800A-629E79B5786A}.Debug|x86.ActiveCfg = Debug|Any CPU
		{B59AB4EF-BE58-4109-800A-629E79B5786A}.Debug|x86.Build.0 = Debug|Any CPU
		{B59AB4EF-BE58-4109-800A-629E79B5786A}.Release|Any CPU.ActiveCfg = Release|Any CPU
		{B59AB4EF-BE58-4109-800A-629E79B5786A}.Release|Any CPU.Build.0 = Release|Any CPU
		{B59AB4EF-BE58-4109-800A-629E79B5786A}.Release|x64.ActiveCfg = Release|Any CPU
		{B59AB4EF-BE58-4109-800A-629E79B5786A}.Release|x64.Build.0 = Release|Any CPU
		{B59AB4EF-BE58-4109-800A-629E79B5786A}.Release|x86.ActiveCfg = Release|Any CPU
		{B59AB4EF-BE58-4109-800A-629E79B5786A}.Release|x86.Build.0 = Release|Any CPU
	EndGlobalSection
	GlobalSection(SolutionProperties) = preSolution
		HideSolutionNode = FALSE
	EndGlobalSection
EndGlobal
